
Microsoft Visual Studio Solution File, Format Version 12.00
# Visual Studio Version 16
VisualStudioVersion = 16.0.28803.156
MinimumVisualStudioVersion = 10.0.40219.1
Project("{FAE04EC0-301F-11D3-BF4B-00C04F79EFBC}") = "TeacherHelper", "TeacherHelper\TeacherHelper.csproj", "{00AFA07C-FF4A-4680-B075-D1C73782A851}"
EndProject
Project("{FAE04EC0-301F-11D3-BF4B-00C04F79EFBC}") = "Repository", "Repository\Repository.csproj", "{B3DE0595-142F-44D0-AE1A-E86336FFBB53}"
EndProject
Project("{FAE04EC0-301F-11D3-BF4B-00C04F79EFBC}") = "Dapper", "Dapper\Dapper.csproj", "{AEF9BA5E-84ED-4F73-834F-D15F8BC1EBF7}"
EndProject
Project("{8BC9CEB8-8B4A-11D0-8D11-00A0C91BC942}") = "Face", "Face\Face.vcxproj", "{30C7F63A-41CD-4E27-BE63-2318C609E07D}"
EndProject
Global
	GlobalSection(SolutionConfigurationPlatforms) = preSolution
		Debug|Any CPU = Debug|Any CPU
		Debug|x64 = Debug|x64
		Debug|x86 = Debug|x86
		Release|Any CPU = Release|Any CPU
		Release|x64 = Release|x64
		Release|x86 = Release|x86
	EndGlobalSection
	GlobalSection(ProjectConfigurationPlatforms) = postSolution
		{00AFA07C-FF4A-4680-B075-D1C73782A851}.Debug|Any CPU.ActiveCfg = Debug|Any CPU
		{00AFA07C-FF4A-4680-B075-D1C73782A851}.Debug|Any CPU.Build.0 = Debug|Any CPU
		{00AFA07C-FF4A-4680-B075-D1C73782A851}.Debug|x64.ActiveCfg = Debug|Any CPU
		{00AFA07C-FF4A-4680-B075-D1C73782A851}.Debug|x64.Build.0 = Debug|Any CPU
		{00AFA07C-FF4A-4680-B075-D1C73782A851}.Debug|x86.ActiveCfg = Debug|Any CPU
		{00AFA07C-FF4A-4680-B075-D1C73782A851}.Debug|x86.Build.0 = Debug|Any CPU
		{00AFA07C-FF4A-4680-B075-D1C73782A851}.Release|Any CPU.ActiveCfg = Release|Any CPU
		{00AFA07C-FF4A-4680-B075-D1C73782A851}.Release|Any CPU.Build.0 = Release|Any CPU
		{00AFA07C-FF4A-4680-B075-D1C73782A851}.Release|x64.ActiveCfg = Release|Any CPU
		{00AFA07C-FF4A-4680-B075-D1C73782A851}.Release|x64.Build.0 = Release|Any CPU
		{00AFA07C-FF4A-4680-B075-D1C73782A851}.Release|x86.ActiveCfg = Release|Any CPU
		{00AFA07C-FF4A-4680-B075-D1C73782A851}.Release|x86.Build.0 = Release|Any CPU
		{B3DE0595-142F-44D0-AE1A-E86336FFBB53}.Debug|Any CPU.ActiveCfg = Debug|Any CPU
		{B3DE0595-142F-44D0-AE1A-E86336FFBB53}.Debug|Any CPU.Build.0 = Debug|Any CPU
		{B3DE0595-142F-44D0-AE1A-E86336FFBB53}.Debug|x64.ActiveCfg = Debug|Any CPU
		{B3DE0595-142F-44D0-AE1A-E86336FFBB53}.Debug|x64.Build.0 = Debug|Any CPU
		{B3DE0595-142F-44D0-AE1A-E86336FFBB53}.Debug|x86.ActiveCfg = Debug|Any CPU
		{B3DE0595-142F-44D0-AE1A-E86336FFBB53}.Debug|x86.Build.0 = Debug|Any CPU
		{B3DE0595-142F-44D0-AE1A-E86336FFBB53}.Release|Any CPU.ActiveCfg = Release|Any CPU
		{B3DE0595-142F-44D0-AE1A-E86336FFBB53}.Release|Any CPU.Build.0 = Release|Any CPU
		{B3DE0595-142F-44D0-AE1A-E86336FFBB53}.Release|x64.ActiveCfg = Release|Any CPU
		{B3DE0595-142F-44D0-AE1A-E86336FFBB53}.Release|x64.Build.0 = Release|Any CPU
		{B3DE0595-142F-44D0-AE1A-E86336FFBB53}.Release|x86.ActiveCfg = Release|Any CPU
		{B3DE0595-142F-44D0-AE1A-E86336FFBB53}.Release|x86.Build.0 = Release|Any CPU
		{AEF9BA5E-84ED-4F73-834F-D15F8BC1EBF7}.Debug|Any CPU.ActiveCfg = Debug|Any CPU
		{AEF9BA5E-84ED-4F73-834F-D15F8BC1EBF7}.Debug|Any CPU.Build.0 = Debug|Any CPU
		{AEF9BA5E-84ED-4F73-834F-D15F8BC1EBF7}.Debug|x64.ActiveCfg = Debug|Any CPU
		{AEF9BA5E-84ED-4F73-834F-D15F8BC1EBF7}.Debug|x64.Build.0 = Debug|Any CPU
		{AEF9BA5E-84ED-4F73-834F-D15F8BC1EBF7}.Debug|x86.ActiveCfg = Debug|x86
		{AEF9BA5E-84ED-4F73-834F-D15F8BC1EBF7}.Debug|x86.Build.0 = Debug|x86
		{AEF9BA5E-84ED-4F73-834F-D15F8BC1EBF7}.Release|Any CPU.ActiveCfg = Release|Any CPU
		{AEF9BA5E-84ED-4F73-834F-D15F8BC1EBF7}.Release|Any CPU.Build.0 = Release|Any CPU
		{AEF9BA5E-84ED-4F73-834F-D15F8BC1EBF7}.Release|x64.ActiveCfg = Release|Any CPU
		{AEF9BA5E-84ED-4F73-834F-D15F8BC1EBF7}.Release|x64.Build.0 = Release|Any CPU
		{AEF9BA5E-84ED-4F73-834F-D15F8BC1EBF7}.Release|x86.ActiveCfg = Release|x86
		{AEF9BA5E-84ED-4F73-834F-D15F8BC1EBF7}.Release|x86.Build.0 = Release|x86
		{30C7F63A-41CD-4E27-BE63-2318C609E07D}.Debug|Any CPU.ActiveCfg = Debug|Win32
		{30C7F63A-41CD-4E27-BE63-2318C609E07D}.Debug|x64.ActiveCfg = Debug|x64
		{30C7F63A-41CD-4E27-BE63-2318C609E07D}.Debug|x64.Build.0 = Debug|x64
		{30C7F63A-41CD-4E27-BE63-2318C609E07D}.Debug|x86.ActiveCfg = Debug|Win32
		{30C7F63A-41CD-4E27-BE63-2318C609E07D}.Debug|x86.Build.0 = Debug|Win32
		{30C7F63A-41CD-4E27-BE63-2318C609E07D}.Release|Any CPU.ActiveCfg = Release|Win32
		{30C7F63A-41CD-4E27-BE63-2318C609E07D}.Release|x64.ActiveCfg = Release|x64
		{30C7F63A-41CD-4E27-BE63-2318C609E07D}.Release|x64.Build.0 = Release|x64
		{30C7F63A-41CD-4E27-BE63-2318C609E07D}.Release|x86.ActiveCfg = Release|Win32
		{30C7F63A-41CD-4E27-BE63-2318C609E07D}.Release|x86.Build.0 = Release|Win32
	EndGlobalSection
	GlobalSection(SolutionProperties) = preSolution
		HideSolutionNode = FALSE
	EndGlobalSection
	GlobalSection(ExtensibilityGlobals) = postSolution
		SolutionGuid = {5334C38B-892E-4861-B9B1-8AF95B160A01}
	EndGlobalSection
EndGlobal
